Microsoft Visual Studio Solution File, Format Version 12.00

# This Source Code Form is subject to the terms of the Mozilla Public
# License, v. 2.0. If a copy of the MPL was not distributed with this
# file, You can obtain one at http://mozilla.org/MPL/2.0/.
#
# Copyright © 2020 Maxim Yudin <stibiu@yandex.ru>

Project("{FAE04EC0-301F-11D3-BF4B-00C04F79EFBC}") = "PiClimate.Logger", "PiClimate.Logger\PiClimate.Logger.csproj", "{408D4853-607D-4A8D-A40E-F7CC845FC5BA}"
EndProject
Project("{2150E333-8FDC-42A3-9474-1A3956D46DE8}") = "Common files", "Common files", "{CFB00F1B-295B-48FC-BBF1-41F5E9D1FCF2}"
ProjectSection(SolutionItems) = preProject
	.gitignore = .gitignore
	Readme.md = Readme.md
	License.txt = License.txt
EndProjectSection
EndProject
Project("{FAE04EC0-301F-11D3-BF4B-00C04F79EFBC}") = "PiClimate.Monitor", "PiClimate.Monitor\PiClimate.Monitor.csproj", "{617312B8-A1DE-4778-AE07-0E4F9F5C308C}"
EndProject
Project("{2150E333-8FDC-42A3-9474-1A3956D46DE8}") = "Icon", "Icon", "{369820F4-36CD-46EF-807A-749098E08AF1}"
ProjectSection(SolutionItems) = preProject
	Icon\PiClimate.ico = Icon\PiClimate.ico
	Icon\PiClimate.png = Icon\PiClimate.png
	Icon\PiClimate.svg = Icon\PiClimate.svg
EndProjectSection
EndProject
Global
	GlobalSection(SolutionConfigurationPlatforms) = preSolution
		Debug|Any CPU = Debug|Any CPU
		Release|Any CPU = Release|Any CPU
	EndGlobalSection
	GlobalSection(ProjectConfigurationPlatforms) = postSolution
		{408D4853-607D-4A8D-A40E-F7CC845FC5BA}.Debug|Any CPU.ActiveCfg = Debug|Any CPU
		{408D4853-607D-4A8D-A40E-F7CC845FC5BA}.Debug|Any CPU.Build.0 = Debug|Any CPU
		{408D4853-607D-4A8D-A40E-F7CC845FC5BA}.Release|Any CPU.ActiveCfg = Release|Any CPU
		{408D4853-607D-4A8D-A40E-F7CC845FC5BA}.Release|Any CPU.Build.0 = Release|Any CPU
		{408D4853-607D-4A8D-A40E-F7CC845FC5BA}.Release|Any CPU.Deploy.0 = Release|Any CPU
		{617312B8-A1DE-4778-AE07-0E4F9F5C308C}.Debug|Any CPU.ActiveCfg = Debug|Any CPU
		{617312B8-A1DE-4778-AE07-0E4F9F5C308C}.Debug|Any CPU.Build.0 = Debug|Any CPU
		{617312B8-A1DE-4778-AE07-0E4F9F5C308C}.Release|Any CPU.ActiveCfg = Release|Any CPU
		{617312B8-A1DE-4778-AE07-0E4F9F5C308C}.Release|Any CPU.Build.0 = Release|Any CPU
		{617312B8-A1DE-4778-AE07-0E4F9F5C308C}.Release|Any CPU.Deploy.0 = Release|Any CPU
	EndGlobalSection
	GlobalSection(NestedProjects) = preSolution
		{369820F4-36CD-46EF-807A-749098E08AF1} = {CFB00F1B-295B-48FC-BBF1-41F5E9D1FCF2}
	EndGlobalSection
EndGlobal
